
Microsoft Visual Studio Solution File, Format Version 12.00
# Visual Studio Version 17
VisualStudioVersion = 17.0.31903.59
MinimumVisualStudioVersion = 10.0.40219.1
Project("{2150E333-8FDC-42A3-9474-1A3956D46DE8}") = "src", "src", "{827E0CD3-B72D-47B6-A68D-7590B98EB39B}"
EndProject
Project("{FAE04EC0-301F-11D3-BF4B-00C04F79EFBC}") = "Service1", "src\Service1\Service1.csproj", "{5D5E95AB-731D-4A06-ACEE-E2A3CAF395A8}"
EndProject
Project("{FAE04EC0-301F-11D3-BF4B-00C04F79EFBC}") = "Service2", "src\Service2\Service2.csproj", "{8515AD21-C1DB-4CF5-88BE-35C35AD23CB4}"
EndProject
Project("{FAE04EC0-301F-11D3-BF4B-00C04F79EFBC}") = "MfbProxy.OcelotGateway", "src\MfbProxy.OcelotGateway\MfbProxy.OcelotGateway.csproj", "{647BFEA4-8B74-4988-A5F6-614F624D27E6}"
EndProject
Project("{2150E333-8FDC-42A3-9474-1A3956D46DE8}") = "tests", "tests", "{0AB3BF05-4346-4AA6-1389-037BE0695223}"
EndProject
Project("{FAE04EC0-301F-11D3-BF4B-00C04F79EFBC}") = "MfbProxy.LoadTests", "tests\MfbProxy.LoadTests\MfbProxy.LoadTests.csproj", "{69A88CE7-FB2E-4DAC-8E3E-3C15DFBFAC6F}"
EndProject
Global
	GlobalSection(SolutionConfigurationPlatforms) = preSolution
		Debug|Any CPU = Debug|Any CPU
		Debug|x64 = Debug|x64
		Debug|x86 = Debug|x86
		Release|Any CPU = Release|Any CPU
		Release|x64 = Release|x64
		Release|x86 = Release|x86
	EndGlobalSection
	GlobalSection(ProjectConfigurationPlatforms) = postSolution
		{5D5E95AB-731D-4A06-ACEE-E2A3CAF395A8}.Debug|Any CPU.ActiveCfg = Debug|Any CPU
		{5D5E95AB-731D-4A06-ACEE-E2A3CAF395A8}.Debug|Any CPU.Build.0 = Debug|Any CPU
		{5D5E95AB-731D-4A06-ACEE-E2A3CAF395A8}.Debug|x64.ActiveCfg = Debug|Any CPU
		{5D5E95AB-731D-4A06-ACEE-E2A3CAF395A8}.Debug|x64.Build.0 = Debug|Any CPU
		{5D5E95AB-731D-4A06-ACEE-E2A3CAF395A8}.Debug|x86.ActiveCfg = Debug|Any CPU
		{5D5E95AB-731D-4A06-ACEE-E2A3CAF395A8}.Debug|x86.Build.0 = Debug|Any CPU
		{5D5E95AB-731D-4A06-ACEE-E2A3CAF395A8}.Release|Any CPU.ActiveCfg = Release|Any CPU
		{5D5E95AB-731D-4A06-ACEE-E2A3CAF395A8}.Release|Any CPU.Build.0 = Release|Any CPU
		{5D5E95AB-731D-4A06-ACEE-E2A3CAF395A8}.Release|x64.ActiveCfg = Release|Any CPU
		{5D5E95AB-731D-4A06-ACEE-E2A3CAF395A8}.Release|x64.Build.0 = Release|Any CPU
		{5D5E95AB-731D-4A06-ACEE-E2A3CAF395A8}.Release|x86.ActiveCfg = Release|Any CPU
		{5D5E95AB-731D-4A06-ACEE-E2A3CAF395A8}.Release|x86.Build.0 = Release|Any CPU
		{8515AD21-C1DB-4CF5-88BE-35C35AD23CB4}.Debug|Any CPU.ActiveCfg = Debug|Any CPU
		{8515AD21-C1DB-4CF5-88BE-35C35AD23CB4}.Debug|Any CPU.Build.0 = Debug|Any CPU
		{8515AD21-C1DB-4CF5-88BE-35C35AD23CB4}.Debug|x64.ActiveCfg = Debug|Any CPU
		{8515AD21-C1DB-4CF5-88BE-35C35AD23CB4}.Debug|x64.Build.0 = Debug|Any CPU
		{8515AD21-C1DB-4CF5-88BE-35C35AD23CB4}.Debug|x86.ActiveCfg = Debug|Any CPU
		{8515AD21-C1DB-4CF5-88BE-35C35AD23CB4}.Debug|x86.Build.0 = Debug|Any CPU
		{8515AD21-C1DB-4CF5-88BE-35C35AD23CB4}.Release|Any CPU.ActiveCfg = Release|Any CPU
		{8515AD21-C1DB-4CF5-88BE-35C35AD23CB4}.Release|Any CPU.Build.0 = Release|Any CPU
		{8515AD21-C1DB-4CF5-88BE-35C35AD23CB4}.Release|x64.ActiveCfg = Release|Any CPU
		{8515AD21-C1DB-4CF5-88BE-35C35AD23CB4}.Release|x64.Build.0 = Release|Any CPU
		{8515AD21-C1DB-4CF5-88BE-35C35AD23CB4}.Release|x86.ActiveCfg = Release|Any CPU
		{8515AD21-C1DB-4CF5-88BE-35C35AD23CB4}.Release|x86.Build.0 = Release|Any CPU
		{647BFEA4-8B74-4988-A5F6-614F624D27E6}.Debug|Any CPU.ActiveCfg = Debug|Any CPU
		{647BFEA4-8B74-4988-A5F6-614F624D27E6}.Debug|Any CPU.Build.0 = Debug|Any CPU
		{647BFEA4-8B74-4988-A5F6-614F624D27E6}.Debug|x64.ActiveCfg = Debug|Any CPU
		{647BFEA4-8B74-4988-A5F6-614F624D27E6}.Debug|x64.Build.0 = Debug|Any CPU
		{647BFEA4-8B74-4988-A5F6-614F624D27E6}.Debug|x86.ActiveCfg = Debug|Any CPU
		{647BFEA4-8B74-4988-A5F6-614F624D27E6}.Debug|x86.Build.0 = Debug|Any CPU
		{647BFEA4-8B74-4988-A5F6-614F624D27E6}.Release|Any CPU.ActiveCfg = Release|Any CPU
		{647BFEA4-8B74-4988-A5F6-614F624D27E6}.Release|Any CPU.Build.0 = Release|Any CPU
		{647BFEA4-8B74-4988-A5F6-614F624D27E6}.Release|x64.ActiveCfg = Release|Any CPU
		{647BFEA4-8B74-4988-A5F6-614F624D27E6}.Release|x64.Build.0 = Release|Any CPU
		{647BFEA4-8B74-4988-A5F6-614F624D27E6}.Release|x86.ActiveCfg = Release|Any CPU
		{647BFEA4-8B74-4988-A5F6-614F624D27E6}.Release|x86.Build.0 = Release|Any CPU
		{69A88CE7-FB2E-4DAC-8E3E-3C15DFBFAC6F}.Debug|Any CPU.ActiveCfg = Debug|Any CPU
		{69A88CE7-FB2E-4DAC-8E3E-3C15DFBFAC6F}.Debug|Any CPU.Build.0 = Debug|Any CPU
		{69A88CE7-FB2E-4DAC-8E3E-3C15DFBFAC6F}.Debug|x64.ActiveCfg = Debug|Any CPU
		{69A88CE7-FB2E-4DAC-8E3E-3C15DFBFAC6F}.Debug|x64.Build.0 = Debug|Any CPU
		{69A88CE7-FB2E-4DAC-8E3E-3C15DFBFAC6F}.Debug|x86.ActiveCfg = Debug|Any CPU
		{69A88CE7-FB2E-4DAC-8E3E-3C15DFBFAC6F}.Debug|x86.Build.0 = Debug|Any CPU
		{69A88CE7-FB2E-4DAC-8E3E-3C15DFBFAC6F}.Release|Any CPU.ActiveCfg = Release|Any CPU
		{69A88CE7-FB2E-4DAC-8E3E-3C15DFBFAC6F}.Release|Any CPU.Build.0 = Release|Any CPU
		{69A88CE7-FB2E-4DAC-8E3E-3C15DFBFAC6F}.Release|x64.ActiveCfg = Release|Any CPU
		{69A88CE7-FB2E-4DAC-8E3E-3C15DFBFAC6F}.Release|x64.Build.0 = Release|Any CPU
		{69A88CE7-FB2E-4DAC-8E3E-3C15DFBFAC6F}.Release|x86.ActiveCfg = Release|Any CPU
		{69A88CE7-FB2E-4DAC-8E3E-3C15DFBFAC6F}.Release|x86.Build.0 = Release|Any CPU
	EndGlobalSection
	GlobalSection(SolutionProperties) = preSolution
		HideSolutionNode = FALSE
	EndGlobalSection
	GlobalSection(NestedProjects) = preSolution
		{5D5E95AB-731D-4A06-ACEE-E2A3CAF395A8} = {827E0CD3-B72D-47B6-A68D-7590B98EB39B}
		{8515AD21-C1DB-4CF5-88BE-35C35AD23CB4} = {827E0CD3-B72D-47B6-A68D-7590B98EB39B}
		{647BFEA4-8B74-4988-A5F6-614F624D27E6} = {827E0CD3-B72D-47B6-A68D-7590B98EB39B}
		{69A88CE7-FB2E-4DAC-8E3E-3C15DFBFAC6F} = {0AB3BF05-4346-4AA6-1389-037BE0695223}
	EndGlobalSection
	GlobalSection(ExtensibilityGlobals) = postSolution
		SolutionGuid = {6E338FFC-6AFB-4A5D-B500-8CBEA59684DC}
	EndGlobalSection
EndGlobal
